
Microsoft Visual Studio Solution File, Format Version 12.00
# Visual Studio 14
VisualStudioVersion = 14.0.25420.1
MinimumVisualStudioVersion = 10.0.40219.1
Project("{FAE04EC0-301F-11D3-BF4B-00C04F79EFBC}") = "WCFService", "WCFService\WCFService.csproj", "{5B78DE93-8E52-4AC4-AE48-82972E30189C}"
EndProject
Project("{2150E333-8FDC-42A3-9474-1A3956D46DE8}") = "Business", "Business", "{BF43AC4A-A17F-45C1-BDEC-9D992051E4A8}"
EndProject
Project("{2150E333-8FDC-42A3-9474-1A3956D46DE8}") = "Data Access", "Data Access", "{FACD5D3C-C6F4-4687-817C-9D13B62379EC}"
EndProject
Project("{2150E333-8FDC-42A3-9474-1A3956D46DE8}") = "Core", "Core", "{B857FB1D-9015-4A24-B0D7-F28639CD6B0B}"
EndProject
Project("{FAE04EC0-301F-11D3-BF4B-00C04F79EFBC}") = "Business.Entities", "Business.Entities\Business.Entities.csproj", "{A86D031F-D789-46EB-898E-FC361E467FF7}"
EndProject
Project("{FAE04EC0-301F-11D3-BF4B-00C04F79EFBC}") = "Business.Service", "Business.Service\Business.Service.csproj", "{5931CFF5-7F26-4B34-9E92-EB3D84142583}"
EndProject
Project("{FAE04EC0-301F-11D3-BF4B-00C04F79EFBC}") = "Core.Common", "Core.Common\Core.Common.csproj", "{3643A5B2-6E42-49E2-8979-56C8A176804C}"
EndProject
Project("{FAE04EC0-301F-11D3-BF4B-00C04F79EFBC}") = "Data.Core", "Data.Core\Data.Core.csproj", "{F666C0C4-0268-4844-AB74-552E8FB885DD}"
EndProject
Project("{2150E333-8FDC-42A3-9474-1A3956D46DE8}") = "Tests", "Tests", "{ED5D89F6-D043-412E-B44D-FF3810B2DD34}"
EndProject
Project("{FAE04EC0-301F-11D3-BF4B-00C04F79EFBC}") = "SerivesTest", "EpicSeriveTest\SerivesTest.csproj", "{5983EF6F-3334-4DC4-8A8B-D109270AF2FE}"
EndProject
Global
	GlobalSection(SolutionConfigurationPlatforms) = preSolution
		Debug|Any CPU = Debug|Any CPU
		Release|Any CPU = Release|Any CPU
	EndGlobalSection
	GlobalSection(ProjectConfigurationPlatforms) = postSolution
		{5B78DE93-8E52-4AC4-AE48-82972E30189C}.Debug|Any CPU.ActiveCfg = Debug|Any CPU
		{5B78DE93-8E52-4AC4-AE48-82972E30189C}.Debug|Any CPU.Build.0 = Debug|Any CPU
		{5B78DE93-8E52-4AC4-AE48-82972E30189C}.Release|Any CPU.ActiveCfg = Release|Any CPU
		{5B78DE93-8E52-4AC4-AE48-82972E30189C}.Release|Any CPU.Build.0 = Release|Any CPU
		{A86D031F-D789-46EB-898E-FC361E467FF7}.Debug|Any CPU.ActiveCfg = Debug|Any CPU
		{A86D031F-D789-46EB-898E-FC361E467FF7}.Debug|Any CPU.Build.0 = Debug|Any CPU
		{A86D031F-D789-46EB-898E-FC361E467FF7}.Release|Any CPU.ActiveCfg = Release|Any CPU
		{A86D031F-D789-46EB-898E-FC361E467FF7}.Release|Any CPU.Build.0 = Release|Any CPU
		{5931CFF5-7F26-4B34-9E92-EB3D84142583}.Debug|Any CPU.ActiveCfg = Debug|Any CPU
		{5931CFF5-7F26-4B34-9E92-EB3D84142583}.Debug|Any CPU.Build.0 = Debug|Any CPU
		{5931CFF5-7F26-4B34-9E92-EB3D84142583}.Release|Any CPU.ActiveCfg = Release|Any CPU
		{5931CFF5-7F26-4B34-9E92-EB3D84142583}.Release|Any CPU.Build.0 = Release|Any CPU
		{3643A5B2-6E42-49E2-8979-56C8A176804C}.Debug|Any CPU.ActiveCfg = Debug|Any CPU
		{3643A5B2-6E42-49E2-8979-56C8A176804C}.Debug|Any CPU.Build.0 = Debug|Any CPU
		{3643A5B2-6E42-49E2-8979-56C8A176804C}.Release|Any CPU.ActiveCfg = Release|Any CPU
		{3643A5B2-6E42-49E2-8979-56C8A176804C}.Release|Any CPU.Build.0 = Release|Any CPU
		{F666C0C4-0268-4844-AB74-552E8FB885DD}.Debug|Any CPU.ActiveCfg = Debug|Any CPU
		{F666C0C4-0268-4844-AB74-552E8FB885DD}.Debug|Any CPU.Build.0 = Debug|Any CPU
		{F666C0C4-0268-4844-AB74-552E8FB885DD}.Release|Any CPU.ActiveCfg = Release|Any CPU
		{F666C0C4-0268-4844-AB74-552E8FB885DD}.Release|Any CPU.Build.0 = Release|Any CPU
		{5983EF6F-3334-4DC4-8A8B-D109270AF2FE}.Debug|Any CPU.ActiveCfg = Debug|Any CPU
		{5983EF6F-3334-4DC4-8A8B-D109270AF2FE}.Debug|Any CPU.Build.0 = Debug|Any CPU
		{5983EF6F-3334-4DC4-8A8B-D109270AF2FE}.Release|Any CPU.ActiveCfg = Release|Any CPU
		{5983EF6F-3334-4DC4-8A8B-D109270AF2FE}.Release|Any CPU.Build.0 = Release|Any CPU
	EndGlobalSection
	GlobalSection(SolutionProperties) = preSolution
		HideSolutionNode = FALSE
	EndGlobalSection
	GlobalSection(NestedProjects) = preSolution
		{A86D031F-D789-46EB-898E-FC361E467FF7} = {BF43AC4A-A17F-45C1-BDEC-9D992051E4A8}
		{5931CFF5-7F26-4B34-9E92-EB3D84142583} = {BF43AC4A-A17F-45C1-BDEC-9D992051E4A8}
		{3643A5B2-6E42-49E2-8979-56C8A176804C} = {B857FB1D-9015-4A24-B0D7-F28639CD6B0B}
		{F666C0C4-0268-4844-AB74-552E8FB885DD} = {FACD5D3C-C6F4-4687-817C-9D13B62379EC}
		{5983EF6F-3334-4DC4-8A8B-D109270AF2FE} = {ED5D89F6-D043-412E-B44D-FF3810B2DD34}
	EndGlobalSection
EndGlobal
